
Microsoft Visual Studio Solution File, Format Version 12.00
# Visual Studio Version 16
VisualStudioVersion = 16.0.28711.60
MinimumVisualStudioVersion = 10.0.40219.1
Project("{FAE04EC0-301F-11D3-BF4B-00C04F79EFBC}") = "KabalaCompany.Desktop", "KabalaCompany.Desktop\KabalaCompany.Desktop.csproj", "{2F9480A2-EC5A-41B7-B03B-20AE32CE47EC}"
EndProject
Project("{9A19103F-16F7-4668-BE54-9A1E7A4F7556}") = "KabalaCompany.DataAccess", "KabalaCompany.DataAccess\KabalaCompany.DataAccess.csproj", "{1F1DE969-9692-4ABC-9089-1AC621F71A89}"
EndProject
Project("{FAE04EC0-301F-11D3-BF4B-00C04F79EFBC}") = "KabalaCompany.DataEntities", "KabalaCompany.DataEntities\KabalaCompany.DataEntities.csproj", "{4AC12845-C719-4F3D-A1B6-02AE1D478B69}"
EndProject
Project("{FAE04EC0-301F-11D3-BF4B-00C04F79EFBC}") = "KabalaCompany.Console", "KabalaCompany.Console\KabalaCompany.Console.csproj", "{C07EDF0D-329B-4B45-B9FD-B4E5BDD4F8B2}"
EndProject
Project("{FAE04EC0-301F-11D3-BF4B-00C04F79EFBC}") = "KabalaCompany.Web", "KabalaCompany.Web\KabalaCompany.Web.csproj", "{CB0DE1D5-C3BD-44DC-B45F-C65BF1AA31BC}"
EndProject
Global
	GlobalSection(SolutionConfigurationPlatforms) = preSolution
		Debug|Any CPU = Debug|Any CPU
		Release|Any CPU = Release|Any CPU
	EndGlobalSection
	GlobalSection(ProjectConfigurationPlatforms) = postSolution
		{2F9480A2-EC5A-41B7-B03B-20AE32CE47EC}.Debug|Any CPU.ActiveCfg = Debug|Any CPU
		{2F9480A2-EC5A-41B7-B03B-20AE32CE47EC}.Debug|Any CPU.Build.0 = Debug|Any CPU
		{2F9480A2-EC5A-41B7-B03B-20AE32CE47EC}.Release|Any CPU.ActiveCfg = Release|Any CPU
		{2F9480A2-EC5A-41B7-B03B-20AE32CE47EC}.Release|Any CPU.Build.0 = Release|Any CPU
		{1F1DE969-9692-4ABC-9089-1AC621F71A89}.Debug|Any CPU.ActiveCfg = Debug|Any CPU
		{1F1DE969-9692-4ABC-9089-1AC621F71A89}.Debug|Any CPU.Build.0 = Debug|Any CPU
		{1F1DE969-9692-4ABC-9089-1AC621F71A89}.Release|Any CPU.ActiveCfg = Release|Any CPU
		{1F1DE969-9692-4ABC-9089-1AC621F71A89}.Release|Any CPU.Build.0 = Release|Any CPU
		{4AC12845-C719-4F3D-A1B6-02AE1D478B69}.Debug|Any CPU.ActiveCfg = Debug|Any CPU
		{4AC12845-C719-4F3D-A1B6-02AE1D478B69}.Debug|Any CPU.Build.0 = Debug|Any CPU
		{4AC12845-C719-4F3D-A1B6-02AE1D478B69}.Release|Any CPU.ActiveCfg = Release|Any CPU
		{4AC12845-C719-4F3D-A1B6-02AE1D478B69}.Release|Any CPU.Build.0 = Release|Any CPU
		{C07EDF0D-329B-4B45-B9FD-B4E5BDD4F8B2}.Debug|Any CPU.ActiveCfg = Debug|Any CPU
		{C07EDF0D-329B-4B45-B9FD-B4E5BDD4F8B2}.Debug|Any CPU.Build.0 = Debug|Any CPU
		{C07EDF0D-329B-4B45-B9FD-B4E5BDD4F8B2}.Release|Any CPU.ActiveCfg = Release|Any CPU
		{C07EDF0D-329B-4B45-B9FD-B4E5BDD4F8B2}.Release|Any CPU.Build.0 = Release|Any CPU
		{CB0DE1D5-C3BD-44DC-B45F-C65BF1AA31BC}.Debug|Any CPU.ActiveCfg = Debug|Any CPU
		{CB0DE1D5-C3BD-44DC-B45F-C65BF1AA31BC}.Debug|Any CPU.Build.0 = Debug|Any CPU
		{CB0DE1D5-C3BD-44DC-B45F-C65BF1AA31BC}.Release|Any CPU.ActiveCfg = Release|Any CPU
		{CB0DE1D5-C3BD-44DC-B45F-C65BF1AA31BC}.Release|Any CPU.Build.0 = Release|Any CPU
	EndGlobalSection
	GlobalSection(SolutionProperties) = preSolution
		HideSolutionNode = FALSE
	EndGlobalSection
	GlobalSection(ExtensibilityGlobals) = postSolution
		SolutionGuid = {E8089B37-0A00-4C7A-A701-53EF4ACBD49F}
	EndGlobalSection
EndGlobal
